{
    "_readme": [
        "This file locks the dependencies of your project to a known state",
        "Read more about it at https://getcomposer.org/doc/01-basic-usage.md#installing-dependencies",
        "This file is @generated automatically"
    ],
    "content-hash": "e19879eccdff84bc3583ff26b5f79a72",
    "packages": [
        {
            "name": "lucinda/errors-mvc",
            "version": "v1.0.3.1",
            "source": {
                "type": "git",
                "url": "https://github.com/aherne/errors-api.git",
                "reference": "d2d5e1edcf43a8b221997533fddb90b07e3ef8cd"
            },
            "dist": {
                "type": "zip",
                "url": "https://api.github.com/repos/aherne/errors-api/zipball/d2d5e1edcf43a8b221997533fddb90b07e3ef8cd",
                "reference": "d2d5e1edcf43a8b221997533fddb90b07e3ef8cd",
                "shasum": ""
            },
            "type": "library",
            "notification-url": "https://packagist.org/downloads/",
            "license": [
                "MIT"
            ],
            "authors": [
                {
                    "name": "Lucian Popescu",
                    "email": "lucian.gabriel.popescu@gmail.com",
                    "role": "Developer"
                }
            ],
            "description": "MVC API for STDERR flow in PHP applications",
            "keywords": [
                "errors",
                "mvc",
                "stderr"
            ],
            "time": "2018-08-06T05:18:51+00:00"
        },
        {
            "name": "lucinda/framework-engine",
            "version": "v1.0.1",
            "source": {
                "type": "git",
                "url": "https://github.com/aherne/lucinda-framework-engine.git",
                "reference": "5bed42d262ea4763b6847b848aebd010f76d8e7e"
            },
            "dist": {
                "type": "zip",
                "url": "https://api.github.com/repos/aherne/lucinda-framework-engine/zipball/5bed42d262ea4763b6847b848aebd010f76d8e7e",
                "reference": "5bed42d262ea4763b6847b848aebd010f76d8e7e",
                "shasum": ""
            },
            "require": {
                "lucinda/errors-mvc": "~1.0",
                "lucinda/http-caching": "~1.0",
                "lucinda/internationalization": "~1.0",
                "lucinda/logging": "~1.0",
                "lucinda/mvc": "~1.0",
                "lucinda/nosql-data-access": "~1.0",
                "lucinda/oauth2-client": "~1.0",
                "lucinda/security": "~1.0",
                "lucinda/sql-data-access": "~1.0",
                "lucinda/view-language": "~1.0"
            },
            "require-dev": {
                "lucinda/errors-mvc": "~1.0",
                "lucinda/http-caching": "~1.0",
                "lucinda/internationalization": "~1.0",
                "lucinda/logging": "~1.0",
                "lucinda/mvc": "~1.0",
                "lucinda/nosql-data-access": "~1.0",
                "lucinda/oauth2-client": "~1.0",
                "lucinda/security": "~1.0",
                "lucinda/sql-data-access": "~1.0",
                "lucinda/view-language": "~1.0"
            },
            "type": "library",
            "notification-url": "https://packagist.org/downloads/",
            "license": [
                "MIT"
            ],
            "authors": [
                {
                    "name": "Lucian Popescu",
                    "email": "lucian.gabriel.popescu@gmail.com",
                    "role": "Developer"
                }
            ],
            "description": "Engine used behind Lucinda Framework",
            "homepage": "http://www.lucinda-framework.com",
            "keywords": [
                "mvc",
                "stdout"
            ],
            "time": "2018-08-08T14:39:50+00:00"
        },
        {
            "name": "lucinda/http-caching",
            "version": "v1.1.0",
            "source": {
                "type": "git",
                "url": "https://github.com/aherne/http-caching-api.git",
                "reference": "d73b85627dc9203de2a226bb0d6924ade1ec9e07"
            },
            "dist": {
                "type": "zip",
                "url": "https://api.github.com/repos/aherne/http-caching-api/zipball/d73b85627dc9203de2a226bb0d6924ade1ec9e07",
                "reference": "d73b85627dc9203de2a226bb0d6924ade1ec9e07",
                "shasum": ""
            },
            "type": "library",
            "notification-url": "https://packagist.org/downloads/",
            "license": [
                "MIT"
            ],
            "authors": [
                {
                    "name": "Lucian Popescu",
                    "email": "lucian.gabriel.popescu@gmail.com",
                    "role": "Developer"
                }
            ],
            "description": "Creates a communication platform where servers and browsers talk in language of caching",
            "homepage": "http://www.lucinda-framework.com/http-caching-api",
            "keywords": [
                "caching",
                "http"
            ],
            "time": "2018-01-28T11:50:06+00:00"
        },
        {
            "name": "lucinda/internationalization",
            "version": "v1.1.0.1",
            "source": {
                "type": "git",
                "url": "https://github.com/aherne/php-internationalization-api.git",
                "reference": "487a9ca308befda32b9eddd4d0ba7ad1ea4d9fcf"
            },
            "dist": {
                "type": "zip",
                "url": "https://api.github.com/repos/aherne/php-internationalization-api/zipball/487a9ca308befda32b9eddd4d0ba7ad1ea4d9fcf",
                "reference": "487a9ca308befda32b9eddd4d0ba7ad1ea4d9fcf",
                "shasum": ""
            },
            "require": {
                "ext-gettext": "*"
            },
            "type": "library",
            "notification-url": "https://packagist.org/downloads/",
            "license": [
                "MIT"
            ],
            "authors": [
                {
                    "name": "Lucian Popescu",
                    "email": "lucian.gabriel.popescu@gmail.com",
                    "role": "Developer"
                }
            ],
            "description": "Light weight i18n API performing internationalization via gettext and PO & MO files",
            "homepage": "https://github.com/aherne/php-internationalization-api",
            "keywords": [
                "gettext",
                "internationalization",
                "localization"
            ],
            "time": "2018-03-28T09:24:32+00:00"
        },
        {
            "name": "lucinda/logging",
            "version": "v1.1.0",
            "source": {
                "type": "git",
                "url": "https://github.com/aherne/php-logging-api.git",
                "reference": "1ed9886e770f8d8eb1b029cabebb3e87a416b899"
            },
            "dist": {
                "type": "zip",
                "url": "https://api.github.com/repos/aherne/php-logging-api/zipball/1ed9886e770f8d8eb1b029cabebb3e87a416b899",
                "reference": "1ed9886e770f8d8eb1b029cabebb3e87a416b899",
                "shasum": ""
            },
            "type": "library",
            "notification-url": "https://packagist.org/downloads/",
            "license": [
                "MIT"
            ],
            "authors": [
                {
                    "name": "Lucian Popescu",
                    "email": "lucian.gabriel.popescu@gmail.com",
                    "role": "Developer"
                }
            ],
            "description": "Light weight logging API built with performance in mind",
            "homepage": "http://www.lucinda-framework.com/logging-api",
            "keywords": [
                "loggers",
                "logging"
            ],
            "time": "2018-01-27T15:40:26+00:00"
        },
        {
            "name": "lucinda/mvc",
            "version": "v1.4.4.4",
            "source": {
                "type": "git",
                "url": "https://github.com/aherne/php-servlets-api.git",
                "reference": "93daded18d9e0cb9aa8b11b9408ea33aadd35fbd"
            },
            "dist": {
                "type": "zip",
                "url": "https://api.github.com/repos/aherne/php-servlets-api/zipball/93daded18d9e0cb9aa8b11b9408ea33aadd35fbd",
                "reference": "93daded18d9e0cb9aa8b11b9408ea33aadd35fbd",
                "shasum": ""
            },
            "type": "library",
            "notification-url": "https://packagist.org/downloads/",
            "license": [
                "MIT"
            ],
            "authors": [
                {
                    "name": "Lucian Popescu",
                    "email": "lucian.gabriel.popescu@gmail.com",
                    "role": "Developer"
                }
            ],
            "description": "High performance MVC API inspired by Java Servlets & Spring MVC",
            "homepage": "http://www.lucinda-framework.com/servlets",
            "keywords": [
                "event listeners",
                "mvc",
                "servlets",
                "view resolvers"
            ],
            "time": "2018-08-03T13:45:28+00:00"
        },
        {
            "name": "lucinda/nosql-data-access",
            "version": "v1.1.0.2",
            "source": {
                "type": "git",
                "url": "https://github.com/aherne/php-nosql-data-access-api.git",
                "reference": "7695ba50a6237948e4ffbc17af77f6589bad72bd"
            },
            "dist": {
                "type": "zip",
                "url": "https://api.github.com/repos/aherne/php-nosql-data-access-api/zipball/7695ba50a6237948e4ffbc17af77f6589bad72bd",
                "reference": "7695ba50a6237948e4ffbc17af77f6589bad72bd",
                "shasum": ""
            },
            "type": "library",
            "notification-url": "https://packagist.org/downloads/",
            "license": [
                "MIT"
            ],
            "authors": [
                {
                    "name": "Lucian Popescu",
                    "email": "lucian.gabriel.popescu@gmail.com",
                    "role": "Developer"
                }
            ],
            "description": "Abstracts communication with NoSQL servers/solutions via drivers",
            "homepage": "http://www.lucinda-framework.com/nosql-data-access-api",
            "keywords": [
                "apc",
                "apcu",
                "couchbase",
                "driver",
                "memcache",
                "memcached",
                "nosql",
                "redis"
            ],
            "time": "2018-07-24T14:07:07+00:00"
        },
        {
            "name": "lucinda/oauth2-client",
            "version": "v1.6.0",
            "source": {
                "type": "git",
                "url": "https://github.com/aherne/oauth2client.git",
                "reference": "2dd815cd2e2a2db02c02e0663ee2bd4ffc89d0e2"
            },
            "dist": {
                "type": "zip",
                "url": "https://api.github.com/repos/aherne/oauth2client/zipball/2dd815cd2e2a2db02c02e0663ee2bd4ffc89d0e2",
                "reference": "2dd815cd2e2a2db02c02e0663ee2bd4ffc89d0e2",
                "shasum": ""
            },
            "type": "library",
            "notification-url": "https://packagist.org/downloads/",
            "license": [
                "MIT"
            ],
            "authors": [
                {
                    "name": "Lucian Popescu",
                    "email": "lucian.gabriel.popescu@gmail.com",
                    "role": "Developer"
                }
            ],
            "description": "Flexible OAuth2 client driver built on top of OAuth2 specifications, hiding complexity of OAuth2 vendors on the market.",
            "homepage": "https://github.com/aherne/oauth2client",
            "keywords": [
                "client",
                "oauth2"
            ],
            "time": "2018-01-27T14:14:34+00:00"
        },
        {
            "name": "lucinda/security",
            "version": "v1.2.0",
            "source": {
                "type": "git",
                "url": "https://github.com/aherne/php-security-api.git",
                "reference": "7704014e0879a757949cc48f37d5ac17f85eea09"
            },
            "dist": {
                "type": "zip",
                "url": "https://api.github.com/repos/aherne/php-security-api/zipball/7704014e0879a757949cc48f37d5ac17f85eea09",
                "reference": "7704014e0879a757949cc48f37d5ac17f85eea09",
                "shasum": ""
            },
            "type": "library",
            "notification-url": "https://packagist.org/downloads/",
            "license": [
                "MIT"
            ],
            "authors": [
                {
                    "name": "Lucian Popescu",
                    "email": "lucian.gabriel.popescu@gmail.com",
                    "role": "Developer"
                }
            ],
            "description": "Encapsulates web security operations on top of OWASP guidelines",
            "homepage": "http://www.lucinda-framework.com/web-security",
            "keywords": [
                "Authentication",
                "authorization",
                "dao",
                "jwt",
                "oauth2",
                "owasp",
                "security",
                "token",
                "xml"
            ],
            "time": "2018-01-28T12:05:30+00:00"
        },
        {
            "name": "lucinda/sql-data-access",
            "version": "v1.2.1",
            "source": {
                "type": "git",
                "url": "https://github.com/aherne/php-sql-data-access-api.git",
                "reference": "8476e5f5b1b03e5ad645d519668ed22a39b6703d"
            },
            "dist": {
                "type": "zip",
                "url": "https://api.github.com/repos/aherne/php-sql-data-access-api/zipball/8476e5f5b1b03e5ad645d519668ed22a39b6703d",
                "reference": "8476e5f5b1b03e5ad645d519668ed22a39b6703d",
                "shasum": ""
            },
            "type": "library",
            "notification-url": "https://packagist.org/downloads/",
            "license": [
                "MIT"
            ],
            "authors": [
                {
                    "name": "Lucian Popescu",
                    "email": "lucian.gabriel.popescu@gmail.com",
                    "role": "Developer"
                }
            ],
            "description": "Abstracts all communication with SQL servers on top of PDO",
            "homepage": "http://www.lucinda-framework.com/sql-data-access-api",
            "keywords": [
                "data access",
                "sql"
            ],
            "time": "2018-03-03T06:28:35+00:00"
        },
        {
            "name": "lucinda/view-language",
            "version": "v1.3.0.1",
            "source": {
                "type": "git",
                "url": "https://github.com/aherne/php-view-language-api.git",
                "reference": "668c0c154ce83eeb92b2f5c8bcdb185817a34b15"
            },
            "dist": {
                "type": "zip",
                "url": "https://api.github.com/repos/aherne/php-view-language-api/zipball/668c0c154ce83eeb92b2f5c8bcdb185817a34b15",
                "reference": "668c0c154ce83eeb92b2f5c8bcdb185817a34b15",
                "shasum": ""
            },
            "type": "library",
            "notification-url": "https://packagist.org/downloads/",
            "license": [
                "MIT"
            ],
            "authors": [
                {
                    "name": "Lucian Popescu",
                    "email": "lucian.gabriel.popescu@gmail.com",
                    "role": "Developer"
                }
            ],
            "description": "High performance templating API using tags & expressions inspired by Java JSTL and C Compiler",
            "homepage": "http://www.lucinda-framework.com/view-language",
            "keywords": [
                "jstl",
                "templating",
                "views"
            ],
            "time": "2018-08-06T12:28:15+00:00"
        }
    ],
    "packages-dev": [],
    "aliases": [],
    "minimum-stability": "stable",
    "stability-flags": [],
    "prefer-stable": false,
    "prefer-lowest": false,
    "platform": [],
    "platform-dev": []
}
