{
    "_readme": [
        "This file locks the dependencies of your project to a known state",
        "Read more about it at https://getcomposer.org/doc/01-basic-usage.md#composer-lock-the-lock-file",
        "This file is @generated automatically"
    ],
    "content-hash": "02ef4ba5ac49421727568335149ba510",
    "packages": [
        {
            "name": "lucinda/errors-mvc",
            "version": "v1.0.11",
            "source": {
                "type": "git",
                "url": "https://github.com/aherne/errors-api.git",
                "reference": "d2a557ea66344421514ab99fbe93401a35be77b0"
            },
            "dist": {
                "type": "zip",
                "url": "https://api.github.com/repos/aherne/errors-api/zipball/d2a557ea66344421514ab99fbe93401a35be77b0",
                "reference": "d2a557ea66344421514ab99fbe93401a35be77b0",
                "shasum": ""
            },
            "type": "library",
            "notification-url": "https://packagist.org/downloads/",
            "license": [
                "MIT"
            ],
            "authors": [
                {
                    "name": "Lucian Popescu",
                    "email": "lucian.gabriel.popescu@gmail.com",
                    "role": "Developer"
                }
            ],
            "description": "MVC API for STDERR flow in PHP applications",
            "keywords": [
                "errors",
                "mvc",
                "stderr"
            ],
            "time": "2018-12-15T06:01:18+00:00"
        },
        {
            "name": "lucinda/framework-engine",
            "version": "v1.2.0",
            "source": {
                "type": "git",
                "url": "https://github.com/aherne/lucinda-framework-engine.git",
                "reference": "68aa30942513647d4186e863a68a0fc274dcd1f2"
            },
            "dist": {
                "type": "zip",
                "url": "https://api.github.com/repos/aherne/lucinda-framework-engine/zipball/68aa30942513647d4186e863a68a0fc274dcd1f2",
                "reference": "68aa30942513647d4186e863a68a0fc274dcd1f2",
                "shasum": ""
            },
            "require": {
                "lucinda/http-caching": "~2.0",
                "lucinda/internationalization": "~2.0",
                "lucinda/logging": "~2.0",
                "lucinda/mvc": "~2.0",
                "lucinda/nosql-data-access": "~2.0",
                "lucinda/oauth2-client": "~1.0",
                "lucinda/request-validator": "~1.0",
                "lucinda/security": "~2.0",
                "lucinda/sql-data-access": "~2.0",
                "lucinda/view-language": "~2.0"
            },
            "type": "library",
            "notification-url": "https://packagist.org/downloads/",
            "license": [
                "MIT"
            ],
            "authors": [
                {
                    "name": "Lucian Popescu",
                    "email": "lucian.gabriel.popescu@gmail.com",
                    "role": "Developer"
                }
            ],
            "description": "Engine used behind Lucinda Framework",
            "homepage": "http://www.lucinda-framework.com",
            "keywords": [
                "mvc",
                "stdout"
            ],
            "time": "2018-12-22T05:49:28+00:00"
        },
        {
            "name": "lucinda/http-caching",
            "version": "v2.0.0",
            "source": {
                "type": "git",
                "url": "https://github.com/aherne/http-caching-api.git",
                "reference": "ec758224ef915953153fbe0976755a38b2fa94b5"
            },
            "dist": {
                "type": "zip",
                "url": "https://api.github.com/repos/aherne/http-caching-api/zipball/ec758224ef915953153fbe0976755a38b2fa94b5",
                "reference": "ec758224ef915953153fbe0976755a38b2fa94b5",
                "shasum": ""
            },
            "type": "library",
            "notification-url": "https://packagist.org/downloads/",
            "license": [
                "MIT"
            ],
            "authors": [
                {
                    "name": "Lucian Popescu",
                    "email": "lucian.gabriel.popescu@gmail.com",
                    "role": "Developer"
                }
            ],
            "description": "Creates a communication platform where servers and browsers talk in language of caching",
            "homepage": "http://www.lucinda-framework.com/http-caching-api",
            "keywords": [
                "caching",
                "http"
            ],
            "time": "2018-09-09T11:20:33+00:00"
        },
        {
            "name": "lucinda/internationalization",
            "version": "v2.0.0",
            "source": {
                "type": "git",
                "url": "https://github.com/aherne/php-internationalization-api.git",
                "reference": "721ea4887ecaea92896dd8916bdf519c1161d5c3"
            },
            "dist": {
                "type": "zip",
                "url": "https://api.github.com/repos/aherne/php-internationalization-api/zipball/721ea4887ecaea92896dd8916bdf519c1161d5c3",
                "reference": "721ea4887ecaea92896dd8916bdf519c1161d5c3",
                "shasum": ""
            },
            "require": {
                "ext-gettext": "*"
            },
            "type": "library",
            "notification-url": "https://packagist.org/downloads/",
            "license": [
                "MIT"
            ],
            "authors": [
                {
                    "name": "Lucian Popescu",
                    "email": "lucian.gabriel.popescu@gmail.com",
                    "role": "Developer"
                }
            ],
            "description": "Light weight i18n API performing internationalization via gettext and PO & MO files",
            "homepage": "https://github.com/aherne/php-internationalization-api",
            "keywords": [
                "gettext",
                "internationalization",
                "localization"
            ],
            "time": "2018-08-25T11:28:34+00:00"
        },
        {
            "name": "lucinda/logging",
            "version": "v2.0.1",
            "source": {
                "type": "git",
                "url": "https://github.com/aherne/php-logging-api.git",
                "reference": "a70b6b9ab00adc2728d55135b2a762953b2e720e"
            },
            "dist": {
                "type": "zip",
                "url": "https://api.github.com/repos/aherne/php-logging-api/zipball/a70b6b9ab00adc2728d55135b2a762953b2e720e",
                "reference": "a70b6b9ab00adc2728d55135b2a762953b2e720e",
                "shasum": ""
            },
            "type": "library",
            "notification-url": "https://packagist.org/downloads/",
            "license": [
                "MIT"
            ],
            "authors": [
                {
                    "name": "Lucian Popescu",
                    "email": "lucian.gabriel.popescu@gmail.com",
                    "role": "Developer"
                }
            ],
            "description": "Light weight logging API built with performance in mind",
            "homepage": "http://www.lucinda-framework.com/logging-api",
            "keywords": [
                "loggers",
                "logging"
            ],
            "time": "2018-09-09T11:31:11+00:00"
        },
        {
            "name": "lucinda/mvc",
            "version": "v2.0.6",
            "source": {
                "type": "git",
                "url": "https://github.com/aherne/php-servlets-api.git",
                "reference": "f53499f993f35c1a03d63e6ce6a7989a7010eb7e"
            },
            "dist": {
                "type": "zip",
                "url": "https://api.github.com/repos/aherne/php-servlets-api/zipball/f53499f993f35c1a03d63e6ce6a7989a7010eb7e",
                "reference": "f53499f993f35c1a03d63e6ce6a7989a7010eb7e",
                "shasum": ""
            },
            "type": "library",
            "notification-url": "https://packagist.org/downloads/",
            "license": [
                "MIT"
            ],
            "authors": [
                {
                    "name": "Lucian Popescu",
                    "email": "lucian.gabriel.popescu@gmail.com",
                    "role": "Developer"
                }
            ],
            "description": "High performance MVC API inspired by Java Servlets & Spring MVC",
            "homepage": "http://www.lucinda-framework.com/servlets",
            "keywords": [
                "event listeners",
                "mvc",
                "servlets",
                "view resolvers"
            ],
            "time": "2018-09-30T13:26:07+00:00"
        },
        {
            "name": "lucinda/nosql-data-access",
            "version": "v2.0.1",
            "source": {
                "type": "git",
                "url": "https://github.com/aherne/php-nosql-data-access-api.git",
                "reference": "6a86b7a21dbc54bfe65536329b718c02b1f8aa4d"
            },
            "dist": {
                "type": "zip",
                "url": "https://api.github.com/repos/aherne/php-nosql-data-access-api/zipball/6a86b7a21dbc54bfe65536329b718c02b1f8aa4d",
                "reference": "6a86b7a21dbc54bfe65536329b718c02b1f8aa4d",
                "shasum": ""
            },
            "type": "library",
            "notification-url": "https://packagist.org/downloads/",
            "license": [
                "MIT"
            ],
            "authors": [
                {
                    "name": "Lucian Popescu",
                    "email": "lucian.gabriel.popescu@gmail.com",
                    "role": "Developer"
                }
            ],
            "description": "Abstracts communication with NoSQL servers/solutions via drivers",
            "homepage": "http://www.lucinda-framework.com/nosql-data-access-api",
            "keywords": [
                "apc",
                "apcu",
                "couchbase",
                "driver",
                "memcache",
                "memcached",
                "nosql",
                "redis"
            ],
            "time": "2018-09-23T07:25:48+00:00"
        },
        {
            "name": "lucinda/oauth2-client",
            "version": "v1.6.0",
            "source": {
                "type": "git",
                "url": "https://github.com/aherne/oauth2client.git",
                "reference": "2dd815cd2e2a2db02c02e0663ee2bd4ffc89d0e2"
            },
            "dist": {
                "type": "zip",
                "url": "https://api.github.com/repos/aherne/oauth2client/zipball/2dd815cd2e2a2db02c02e0663ee2bd4ffc89d0e2",
                "reference": "2dd815cd2e2a2db02c02e0663ee2bd4ffc89d0e2",
                "shasum": ""
            },
            "type": "library",
            "notification-url": "https://packagist.org/downloads/",
            "license": [
                "MIT"
            ],
            "authors": [
                {
                    "name": "Lucian Popescu",
                    "email": "lucian.gabriel.popescu@gmail.com",
                    "role": "Developer"
                }
            ],
            "description": "Flexible OAuth2 client driver built on top of OAuth2 specifications, hiding complexity of OAuth2 vendors on the market.",
            "homepage": "https://github.com/aherne/oauth2client",
            "keywords": [
                "client",
                "oauth2"
            ],
            "time": "2018-01-27T14:14:34+00:00"
        },
        {
            "name": "lucinda/request-validator",
            "version": "v1.0.2",
            "source": {
                "type": "git",
                "url": "https://github.com/aherne/php-parameter-validator.git",
                "reference": "02b2e174c69faeaf2df69a3c1134cae1b58696ef"
            },
            "dist": {
                "type": "zip",
                "url": "https://api.github.com/repos/aherne/php-parameter-validator/zipball/02b2e174c69faeaf2df69a3c1134cae1b58696ef",
                "reference": "02b2e174c69faeaf2df69a3c1134cae1b58696ef",
                "shasum": ""
            },
            "type": "library",
            "notification-url": "https://packagist.org/downloads/",
            "license": [
                "MIT"
            ],
            "authors": [
                {
                    "name": "Lucian Popescu",
                    "email": "lucian.gabriel.popescu@gmail.com",
                    "role": "Developer"
                }
            ],
            "description": "Encapsulates path/request parameters validation",
            "homepage": "https://github.com/aherne/php-parameter-validator",
            "keywords": [
                "path parameters",
                "request parameters",
                "validation"
            ],
            "time": "2018-12-19T15:28:02+00:00"
        },
        {
            "name": "lucinda/security",
            "version": "v2.0.3",
            "source": {
                "type": "git",
                "url": "https://github.com/aherne/php-security-api.git",
                "reference": "cf98b2bca409d57a2969177245912a5d5d4a69be"
            },
            "dist": {
                "type": "zip",
                "url": "https://api.github.com/repos/aherne/php-security-api/zipball/cf98b2bca409d57a2969177245912a5d5d4a69be",
                "reference": "cf98b2bca409d57a2969177245912a5d5d4a69be",
                "shasum": ""
            },
            "type": "library",
            "notification-url": "https://packagist.org/downloads/",
            "license": [
                "MIT"
            ],
            "authors": [
                {
                    "name": "Lucian Popescu",
                    "email": "lucian.gabriel.popescu@gmail.com",
                    "role": "Developer"
                }
            ],
            "description": "Encapsulates web security operations on top of OWASP guidelines",
            "homepage": "http://www.lucinda-framework.com/web-security",
            "keywords": [
                "Authentication",
                "authorization",
                "dao",
                "jwt",
                "oauth2",
                "owasp",
                "security",
                "token",
                "xml"
            ],
            "time": "2018-10-01T09:05:30+00:00"
        },
        {
            "name": "lucinda/sql-data-access",
            "version": "v2.0.0",
            "source": {
                "type": "git",
                "url": "https://github.com/aherne/php-sql-data-access-api.git",
                "reference": "709bc231d6f3566022fe4609ac60d0ed185d7642"
            },
            "dist": {
                "type": "zip",
                "url": "https://api.github.com/repos/aherne/php-sql-data-access-api/zipball/709bc231d6f3566022fe4609ac60d0ed185d7642",
                "reference": "709bc231d6f3566022fe4609ac60d0ed185d7642",
                "shasum": ""
            },
            "type": "library",
            "notification-url": "https://packagist.org/downloads/",
            "license": [
                "MIT"
            ],
            "authors": [
                {
                    "name": "Lucian Popescu",
                    "email": "lucian.gabriel.popescu@gmail.com",
                    "role": "Developer"
                }
            ],
            "description": "Abstracts all communication with SQL servers on top of PDO",
            "homepage": "http://www.lucinda-framework.com/sql-data-access-api",
            "keywords": [
                "data access",
                "sql"
            ],
            "time": "2018-09-09T10:53:11+00:00"
        },
        {
            "name": "lucinda/view-language",
            "version": "v2.1.0",
            "source": {
                "type": "git",
                "url": "https://github.com/aherne/php-view-language-api.git",
                "reference": "fa70cb35dd01e08aaeeda4396f118f6f39c9f4e9"
            },
            "dist": {
                "type": "zip",
                "url": "https://api.github.com/repos/aherne/php-view-language-api/zipball/fa70cb35dd01e08aaeeda4396f118f6f39c9f4e9",
                "reference": "fa70cb35dd01e08aaeeda4396f118f6f39c9f4e9",
                "shasum": ""
            },
            "type": "library",
            "notification-url": "https://packagist.org/downloads/",
            "license": [
                "MIT"
            ],
            "authors": [
                {
                    "name": "Lucian Popescu",
                    "email": "lucian.gabriel.popescu@gmail.com",
                    "role": "Developer"
                }
            ],
            "description": "High performance templating API using tags & expressions inspired by Java JSTL and C Compiler",
            "homepage": "http://www.lucinda-framework.com/view-language",
            "keywords": [
                "jstl",
                "templating",
                "views"
            ],
            "time": "2018-11-06T10:57:56+00:00"
        }
    ],
    "packages-dev": [],
    "aliases": [],
    "minimum-stability": "stable",
    "stability-flags": [],
    "prefer-stable": false,
    "prefer-lowest": false,
    "platform": [],
    "platform-dev": []
}
