{
    "_readme": [
        "This file locks the dependencies of your project to a known state",
        "Read more about it at https://getcomposer.org/doc/01-basic-usage.md#composer-lock-the-lock-file",
        "This file is @generated automatically"
    ],
    "hash": "87c6c824b8807ebc6b5ced93e4fb2cd8",
    "content-hash": "61cb86bf77ed38fd392c8e9e88f815a3",
    "packages": [
        {
            "name": "lucinda/errors",
            "version": "v1.0.0",
            "source": {
                "type": "git",
                "url": "https://github.com/aherne/php-errors-api.git",
                "reference": "db15b50a6b5648afaa251b2887a2fda4963cabdf"
            },
            "dist": {
                "type": "zip",
                "url": "https://api.github.com/repos/aherne/php-errors-api/zipball/db15b50a6b5648afaa251b2887a2fda4963cabdf",
                "reference": "db15b50a6b5648afaa251b2887a2fda4963cabdf",
                "shasum": ""
            },
            "type": "library",
            "notification-url": "https://packagist.org/downloads/",
            "license": [
                "MIT"
            ],
            "authors": [
                {
                    "name": "Lucian Popescu",
                    "email": "lucian.gabriel.popescu@gmail.com",
                    "role": "Developer"
                }
            ],
            "description": "Bootstraps errors and handles them via reporters and renderers",
            "homepage": "http://www.lucinda-framework.com/errors-api",
            "keywords": [
                "aop",
                "aspect oriented programming",
                "errors",
                "handler",
                "renderer",
                "reporter"
            ],
            "time": "2017-11-07 19:34:55"
        },
        {
            "name": "lucinda/http-caching",
            "version": "v1.0.0",
            "source": {
                "type": "git",
                "url": "https://github.com/aherne/http-caching-api.git",
                "reference": "a507869691507a1f235d7cff727cd0fd24e804f6"
            },
            "dist": {
                "type": "zip",
                "url": "https://api.github.com/repos/aherne/http-caching-api/zipball/a507869691507a1f235d7cff727cd0fd24e804f6",
                "reference": "a507869691507a1f235d7cff727cd0fd24e804f6",
                "shasum": ""
            },
            "type": "library",
            "notification-url": "https://packagist.org/downloads/",
            "license": [
                "MIT"
            ],
            "authors": [
                {
                    "name": "Lucian Popescu",
                    "email": "lucian.gabriel.popescu@gmail.com",
                    "role": "Developer"
                }
            ],
            "description": "Creates a communication platform where servers and browsers talk in language of caching",
            "homepage": "http://www.lucinda-framework.com/http-caching-api",
            "keywords": [
                "caching",
                "http"
            ],
            "time": "2017-11-07 19:18:52"
        },
        {
            "name": "lucinda/logging",
            "version": "v1.0.0",
            "source": {
                "type": "git",
                "url": "https://github.com/aherne/php-logging-api.git",
                "reference": "207e2701a45cccc7c7c17bfad1464118b5134121"
            },
            "dist": {
                "type": "zip",
                "url": "https://api.github.com/repos/aherne/php-logging-api/zipball/207e2701a45cccc7c7c17bfad1464118b5134121",
                "reference": "207e2701a45cccc7c7c17bfad1464118b5134121",
                "shasum": ""
            },
            "type": "library",
            "notification-url": "https://packagist.org/downloads/",
            "license": [
                "MIT"
            ],
            "authors": [
                {
                    "name": "Lucian Popescu",
                    "email": "lucian.gabriel.popescu@gmail.com",
                    "role": "Developer"
                }
            ],
            "description": "Light weight logging API built with performance in mind",
            "homepage": "http://www.lucinda-framework.com/logging-api",
            "keywords": [
                "loggers",
                "logging"
            ],
            "time": "2017-11-07 19:41:19"
        },
        {
            "name": "lucinda/mvc",
            "version": "v1.2.2",
            "source": {
                "type": "git",
                "url": "https://github.com/aherne/php-servlets-api.git",
                "reference": "db399ffd5544ab53609786994dca027254995a29"
            },
            "dist": {
                "type": "zip",
                "url": "https://api.github.com/repos/aherne/php-servlets-api/zipball/db399ffd5544ab53609786994dca027254995a29",
                "reference": "db399ffd5544ab53609786994dca027254995a29",
                "shasum": ""
            },
            "type": "library",
            "notification-url": "https://packagist.org/downloads/",
            "license": [
                "MIT"
            ],
            "authors": [
                {
                    "name": "Lucian Popescu",
                    "email": "lucian.gabriel.popescu@gmail.com",
                    "role": "Developer"
                }
            ],
            "description": "High performance MVC API inspired by Java Servlets & Spring MVC",
            "homepage": "http://www.lucinda-framework.com/servlets",
            "keywords": [
                "event listeners",
                "mvc",
                "servlets",
                "view resolvers"
            ],
            "time": "2018-01-26 08:43:53"
        },
        {
            "name": "lucinda/nosql-data-access",
            "version": "v1.0.0",
            "source": {
                "type": "git",
                "url": "https://github.com/aherne/php-nosql-data-access-api.git",
                "reference": "2b0aca9d26aa10688b19fbca408ae2abdcb80ef2"
            },
            "dist": {
                "type": "zip",
                "url": "https://api.github.com/repos/aherne/php-nosql-data-access-api/zipball/2b0aca9d26aa10688b19fbca408ae2abdcb80ef2",
                "reference": "2b0aca9d26aa10688b19fbca408ae2abdcb80ef2",
                "shasum": ""
            },
            "type": "library",
            "notification-url": "https://packagist.org/downloads/",
            "license": [
                "MIT"
            ],
            "authors": [
                {
                    "name": "Lucian Popescu",
                    "email": "lucian.gabriel.popescu@gmail.com",
                    "role": "Developer"
                }
            ],
            "description": "Abstracts communication with NoSQL servers/solutions via drivers",
            "homepage": "http://www.lucinda-framework.com/nosql-data-access-api",
            "keywords": [
                "apc",
                "apcu",
                "couchbase",
                "driver",
                "memcache",
                "memcached",
                "nosql",
                "redis"
            ],
            "time": "2017-11-07 19:03:37"
        },
        {
            "name": "lucinda/oauth2-client",
            "version": "v1.5.2",
            "source": {
                "type": "git",
                "url": "https://github.com/aherne/oauth2client.git",
                "reference": "b4fbb8d49d7f1ab1ae5e8ba148998bae36bfff6d"
            },
            "dist": {
                "type": "zip",
                "url": "https://api.github.com/repos/aherne/oauth2client/zipball/b4fbb8d49d7f1ab1ae5e8ba148998bae36bfff6d",
                "reference": "b4fbb8d49d7f1ab1ae5e8ba148998bae36bfff6d",
                "shasum": ""
            },
            "type": "library",
            "notification-url": "https://packagist.org/downloads/",
            "license": [
                "MIT"
            ],
            "authors": [
                {
                    "name": "Lucian Popescu",
                    "email": "lucian.gabriel.popescu@gmail.com",
                    "role": "Developer"
                }
            ],
            "description": "Flexible OAuth2 client driver built on top of OAuth2 specifications, hiding complexity of OAuth2 vendors on the market.",
            "homepage": "https://github.com/aherne/oauth2client",
            "keywords": [
                "client",
                "oauth2"
            ],
            "time": "2018-01-08 15:58:42"
        },
        {
            "name": "lucinda/security",
            "version": "v1.1.0",
            "source": {
                "type": "git",
                "url": "https://github.com/aherne/php-security-api.git",
                "reference": "d8daa27fb8731a5b5426e7fb043838f864302bfa"
            },
            "dist": {
                "type": "zip",
                "url": "https://api.github.com/repos/aherne/php-security-api/zipball/d8daa27fb8731a5b5426e7fb043838f864302bfa",
                "reference": "d8daa27fb8731a5b5426e7fb043838f864302bfa",
                "shasum": ""
            },
            "type": "library",
            "notification-url": "https://packagist.org/downloads/",
            "license": [
                "MIT"
            ],
            "authors": [
                {
                    "name": "Lucian Popescu",
                    "email": "lucian.gabriel.popescu@gmail.com",
                    "role": "Developer"
                }
            ],
            "description": "Encapsulates web security operations on top of OWASP guidelines",
            "homepage": "http://www.lucinda-framework.com/web-security",
            "keywords": [
                "Authentication",
                "authorization",
                "dao",
                "jwt",
                "oauth2",
                "owasp",
                "security",
                "token",
                "xml"
            ],
            "time": "2017-12-26 12:12:10"
        },
        {
            "name": "lucinda/sql-data-access",
            "version": "v1.0.0",
            "source": {
                "type": "git",
                "url": "https://github.com/aherne/php-sql-data-access-api.git",
                "reference": "57838ad60a2c8b48de935cc6d20b579b586005dd"
            },
            "dist": {
                "type": "zip",
                "url": "https://api.github.com/repos/aherne/php-sql-data-access-api/zipball/57838ad60a2c8b48de935cc6d20b579b586005dd",
                "reference": "57838ad60a2c8b48de935cc6d20b579b586005dd",
                "shasum": ""
            },
            "type": "library",
            "notification-url": "https://packagist.org/downloads/",
            "license": [
                "MIT"
            ],
            "authors": [
                {
                    "name": "Lucian Popescu",
                    "email": "lucian.gabriel.popescu@gmail.com",
                    "role": "Developer"
                }
            ],
            "description": "Abstracts all communication with SQL servers on top of PDO",
            "homepage": "http://www.lucinda-framework.com/sql-data-access-api",
            "keywords": [
                "data access",
                "sql"
            ],
            "time": "2017-11-07 19:04:58"
        },
        {
            "name": "lucinda/view-language",
            "version": "v1.1.2",
            "source": {
                "type": "git",
                "url": "https://github.com/aherne/php-view-language-api.git",
                "reference": "aa921d94c92e33f40a153b2864d324ae0f7e5dab"
            },
            "dist": {
                "type": "zip",
                "url": "https://api.github.com/repos/aherne/php-view-language-api/zipball/aa921d94c92e33f40a153b2864d324ae0f7e5dab",
                "reference": "aa921d94c92e33f40a153b2864d324ae0f7e5dab",
                "shasum": ""
            },
            "type": "library",
            "notification-url": "https://packagist.org/downloads/",
            "license": [
                "MIT"
            ],
            "authors": [
                {
                    "name": "Lucian Popescu",
                    "email": "lucian.gabriel.popescu@gmail.com",
                    "role": "Developer"
                }
            ],
            "description": "High performance templating API using tags & expressions inspired by Java JSTL and C Compiler",
            "homepage": "http://www.lucinda-framework.com/view-language",
            "keywords": [
                "jstl",
                "templating",
                "views"
            ],
            "time": "2017-12-11 16:17:20"
        }
    ],
    "packages-dev": [],
    "aliases": [],
    "minimum-stability": "stable",
    "stability-flags": [],
    "prefer-stable": false,
    "prefer-lowest": false,
    "platform": [],
    "platform-dev": []
}
